
Microsoft Visual Studio Solution File, Format Version 12.00
# Visual Studio 15
VisualStudioVersion = 15.0.27130.2027
MinimumVisualStudioVersion = 10.0.40219.1
Project("{FAE04EC0-301F-11D3-BF4B-00C04F79EFBC}") = "SFDC Attachments Download Tool", "SFDC Attachments Download Tool\SFDC Attachments Download Tool.csproj", "{5D7D51AA-0CBA-4EB9-A2DF-73156739D829}"
EndProject
Project("{FAE04EC0-301F-11D3-BF4B-00C04F79EFBC}") = "SalesforceLibrary", "SalesforceLibrary\SalesforceLibrary.csproj", "{81638A59-F231-41C7-B652-18C9F3A69972}"
EndProject
Global
	GlobalSection(SolutionConfigurationPlatforms) = preSolution
		Debug|Any CPU = Debug|Any CPU
		Release|Any CPU = Release|Any CPU
	EndGlobalSection
	GlobalSection(ProjectConfigurationPlatforms) = postSolution
		{5D7D51AA-0CBA-4EB9-A2DF-73156739D829}.Debug|Any CPU.ActiveCfg = Debug|Any CPU
		{5D7D51AA-0CBA-4EB9-A2DF-73156739D829}.Debug|Any CPU.Build.0 = Debug|Any CPU
		{5D7D51AA-0CBA-4EB9-A2DF-73156739D829}.Release|Any CPU.ActiveCfg = Release|Any CPU
		{5D7D51AA-0CBA-4EB9-A2DF-73156739D829}.Release|Any CPU.Build.0 = Release|Any CPU
		{81638A59-F231-41C7-B652-18C9F3A69972}.Debug|Any CPU.ActiveCfg = Debug|Any CPU
		{81638A59-F231-41C7-B652-18C9F3A69972}.Debug|Any CPU.Build.0 = Debug|Any CPU
		{81638A59-F231-41C7-B652-18C9F3A69972}.Release|Any CPU.ActiveCfg = Release|Any CPU
		{81638A59-F231-41C7-B652-18C9F3A69972}.Release|Any CPU.Build.0 = Release|Any CPU
	EndGlobalSection
	GlobalSection(SolutionProperties) = preSolution
		HideSolutionNode = FALSE
	EndGlobalSection
	GlobalSection(ExtensibilityGlobals) = postSolution
		SolutionGuid = {4A563C54-354C-43CB-8F73-0DC751BB5694}
	EndGlobalSection
EndGlobal
